
Microsoft Visual Studio Solution File, Format Version 12.00
# Visual Studio 14
VisualStudioVersion = 14.0.24720.0
MinimumVisualStudioVersion = 10.0.40219.1
Project("{8BB2217D-0F2D-49D1-97BC-3654ED321F3B}") = "RdKafka", "src\RdKafka\RdKafka.xproj", "{B2DDB635-4423-45D7-B3DC-F701E6010868}"
EndProject
Project("{8BB2217D-0F2D-49D1-97BC-3654ED321F3B}") = "RdKafka.Tests", "test\RdKafka.Tests\RdKafka.Tests.xproj", "{33151BE2-C10B-41BC-8C5E-E55211A1722D}"
EndProject
Project("{8BB2217D-0F2D-49D1-97BC-3654ED321F3B}") = "SimpleProducer", "examples\SimpleProducer\SimpleProducer.xproj", "{A7BF0A75-D3E7-4024-8597-5FCCC567D372}"
EndProject
Project("{8BB2217D-0F2D-49D1-97BC-3654ED321F3B}") = "SimpleConsumer", "examples\SimpleConsumer\SimpleConsumer.xproj", "{85F08EF0-9E30-49D3-B86F-DBA36267843C}"
EndProject
Project("{2150E333-8FDC-42A3-9474-1A3956D46DE8}") = "src", "src", "{56321620-6DE2-44DC-942B-E3701C01EBFE}"
EndProject
Project("{2150E333-8FDC-42A3-9474-1A3956D46DE8}") = "test", "test", "{03D93818-5A54-4913-A5CD-CA0C373CEE05}"
EndProject
Project("{2150E333-8FDC-42A3-9474-1A3956D46DE8}") = "examples", "examples", "{5E1F754C-FCE9-4B80-B13D-5F9ACE13305A}"
EndProject
Project("{8BB2217D-0F2D-49D1-97BC-3654ED321F3B}") = "Misc", "examples\Misc\Misc.xproj", "{2E6FC09E-2BED-4765-8298-9584E172B6CF}"
EndProject
Project("{8BB2217D-0F2D-49D1-97BC-3654ED321F3B}") = "AdvancedConsumer", "examples\AdvancedConsumer\AdvancedConsumer.xproj", "{0A3DD19C-3A80-47DB-83B0-A1EF6078C9EE}"
EndProject
Project("{8BB2217D-0F2D-49D1-97BC-3654ED321F3B}") = "BenchmarkProducer", "examples\BenchmarkProducer\BenchmarkProducer.xproj", "{9EA27B93-4714-453C-9319-1920945CEB78}"
EndProject
Global
	GlobalSection(SolutionConfigurationPlatforms) = preSolution
		Debug|Any CPU = Debug|Any CPU
		Release|Any CPU = Release|Any CPU
	EndGlobalSection
	GlobalSection(ProjectConfigurationPlatforms) = postSolution
		{B2DDB635-4423-45D7-B3DC-F701E6010868}.Debug|Any CPU.ActiveCfg = Debug|Any CPU
		{B2DDB635-4423-45D7-B3DC-F701E6010868}.Debug|Any CPU.Build.0 = Debug|Any CPU
		{B2DDB635-4423-45D7-B3DC-F701E6010868}.Release|Any CPU.ActiveCfg = Release|Any CPU
		{B2DDB635-4423-45D7-B3DC-F701E6010868}.Release|Any CPU.Build.0 = Release|Any CPU
		{33151BE2-C10B-41BC-8C5E-E55211A1722D}.Debug|Any CPU.ActiveCfg = Debug|Any CPU
		{33151BE2-C10B-41BC-8C5E-E55211A1722D}.Debug|Any CPU.Build.0 = Debug|Any CPU
		{33151BE2-C10B-41BC-8C5E-E55211A1722D}.Release|Any CPU.ActiveCfg = Release|Any CPU
		{33151BE2-C10B-41BC-8C5E-E55211A1722D}.Release|Any CPU.Build.0 = Release|Any CPU
		{A7BF0A75-D3E7-4024-8597-5FCCC567D372}.Debug|Any CPU.ActiveCfg = Debug|Any CPU
		{A7BF0A75-D3E7-4024-8597-5FCCC567D372}.Debug|Any CPU.Build.0 = Debug|Any CPU
		{A7BF0A75-D3E7-4024-8597-5FCCC567D372}.Release|Any CPU.ActiveCfg = Release|Any CPU
		{A7BF0A75-D3E7-4024-8597-5FCCC567D372}.Release|Any CPU.Build.0 = Release|Any CPU
		{85F08EF0-9E30-49D3-B86F-DBA36267843C}.Debug|Any CPU.ActiveCfg = Debug|Any CPU
		{85F08EF0-9E30-49D3-B86F-DBA36267843C}.Debug|Any CPU.Build.0 = Debug|Any CPU
		{85F08EF0-9E30-49D3-B86F-DBA36267843C}.Release|Any CPU.ActiveCfg = Release|Any CPU
		{85F08EF0-9E30-49D3-B86F-DBA36267843C}.Release|Any CPU.Build.0 = Release|Any CPU
		{2E6FC09E-2BED-4765-8298-9584E172B6CF}.Debug|Any CPU.ActiveCfg = Debug|Any CPU
		{2E6FC09E-2BED-4765-8298-9584E172B6CF}.Debug|Any CPU.Build.0 = Debug|Any CPU
		{2E6FC09E-2BED-4765-8298-9584E172B6CF}.Release|Any CPU.ActiveCfg = Release|Any CPU
		{2E6FC09E-2BED-4765-8298-9584E172B6CF}.Release|Any CPU.Build.0 = Release|Any CPU
		{0A3DD19C-3A80-47DB-83B0-A1EF6078C9EE}.Debug|Any CPU.ActiveCfg = Debug|Any CPU
		{0A3DD19C-3A80-47DB-83B0-A1EF6078C9EE}.Debug|Any CPU.Build.0 = Debug|Any CPU
		{0A3DD19C-3A80-47DB-83B0-A1EF6078C9EE}.Release|Any CPU.ActiveCfg = Release|Any CPU
		{0A3DD19C-3A80-47DB-83B0-A1EF6078C9EE}.Release|Any CPU.Build.0 = Release|Any CPU
		{9EA27B93-4714-453C-9319-1920945CEB78}.Debug|Any CPU.ActiveCfg = Debug|Any CPU
		{9EA27B93-4714-453C-9319-1920945CEB78}.Debug|Any CPU.Build.0 = Debug|Any CPU
		{9EA27B93-4714-453C-9319-1920945CEB78}.Release|Any CPU.ActiveCfg = Release|Any CPU
		{9EA27B93-4714-453C-9319-1920945CEB78}.Release|Any CPU.Build.0 = Release|Any CPU
	EndGlobalSection
	GlobalSection(SolutionProperties) = preSolution
		HideSolutionNode = FALSE
	EndGlobalSection
	GlobalSection(NestedProjects) = preSolution
		{B2DDB635-4423-45D7-B3DC-F701E6010868} = {56321620-6DE2-44DC-942B-E3701C01EBFE}
		{33151BE2-C10B-41BC-8C5E-E55211A1722D} = {03D93818-5A54-4913-A5CD-CA0C373CEE05}
		{A7BF0A75-D3E7-4024-8597-5FCCC567D372} = {5E1F754C-FCE9-4B80-B13D-5F9ACE13305A}
		{85F08EF0-9E30-49D3-B86F-DBA36267843C} = {5E1F754C-FCE9-4B80-B13D-5F9ACE13305A}
		{2E6FC09E-2BED-4765-8298-9584E172B6CF} = {5E1F754C-FCE9-4B80-B13D-5F9ACE13305A}
		{0A3DD19C-3A80-47DB-83B0-A1EF6078C9EE} = {5E1F754C-FCE9-4B80-B13D-5F9ACE13305A}
		{9EA27B93-4714-453C-9319-1920945CEB78} = {5E1F754C-FCE9-4B80-B13D-5F9ACE13305A}
	EndGlobalSection
EndGlobal
